
Microsoft Visual Studio Solution File, Format Version 12.00
# Visual Studio Version 17
VisualStudioVersion = 17.12.35521.163 d17.12
MinimumVisualStudioVersion = 10.0.40219.1
Project("{E24C65DC-7377-472B-9ABA-BC803B73C61A}") = "HospitalOPD_SOAP", "HospitalOPD_SOAP\", "{FA94CF08-3079-412C-AFA8-5F5EDDBD5AB3}"
	ProjectSection(WebsiteProperties) = preProject
		TargetFrameworkMoniker = ".NETFramework,Version%3Dv4.7.2"
		Debug.AspNetCompiler.VirtualPath = "/localhost_64933"
		Debug.AspNetCompiler.PhysicalPath = "HospitalOPD_SOAP\"
		Debug.AspNetCompiler.TargetPath = "PrecompiledWeb\localhost_64933\"
		Debug.AspNetCompiler.Updateable = "true"
		Debug.AspNetCompiler.ForceOverwrite = "true"
		Debug.AspNetCompiler.FixedNames = "false"
		Debug.AspNetCompiler.Debug = "True"
		Release.AspNetCompiler.VirtualPath = "/localhost_64933"
		Release.AspNetCompiler.PhysicalPath = "HospitalOPD_SOAP\"
		Release.AspNetCompiler.TargetPath = "PrecompiledWeb\localhost_64933\"
		Release.AspNetCompiler.Updateable = "true"
		Release.AspNetCompiler.ForceOverwrite = "true"
		Release.AspNetCompiler.FixedNames = "false"
		Release.AspNetCompiler.Debug = "False"
		VWDPort = "64933"
		SlnRelativePath = "HospitalOPD_SOAP\"
		DefaultWebSiteLanguage = "Visual C#"
	EndProjectSection
EndProject
Global
	GlobalSection(SolutionConfigurationPlatforms) = preSolution
		Debug|Any CPU = Debug|Any CPU
	EndGlobalSection
	GlobalSection(ProjectConfigurationPlatforms) = postSolution
		{FA94CF08-3079-412C-AFA8-5F5EDDBD5AB3}.Debug|Any CPU.ActiveCfg = Debug|Any CPU
		{FA94CF08-3079-412C-AFA8-5F5EDDBD5AB3}.Debug|Any CPU.Build.0 = Debug|Any CPU
	EndGlobalSection
	GlobalSection(SolutionProperties) = preSolution
		HideSolutionNode = FALSE
	EndGlobalSection
EndGlobal
